{
  "originHash" : "893e3bbdf434904a4980f2f9cb6f1fa94fd5ded452d4152513df5d0f5e35ec77",
  "pins" : [
    {
      "identity" : "swift-argument-parser",
      "kind" : "remoteSourceControl",
      "location" : "https://github.com/apple/swift-argument-parser",
      "state" : {
        "revision" : "6a52f3251125d74daf04fcbd5e6f08a75d074382",
        "version" : "1.8.2"
      }
    },
    {
      "identity" : "swift-syntax",
      "kind" : "remoteSourceControl",
      "location" : "https://github.com/swiftlang/swift-syntax",
      "state" : {
        "revision" : "79e4b74a295b6eb74a8b585e3a39d29e70c1dbd1",
        "version" : "603.0.2"
      }
    },
    {
      "identity" : "swiftgodot",
      "kind" : "remoteSourceControl",
      "location" : "https://github.com/migueldeicaza/SwiftGodot",
      "state" : {
        "branch" : "main",
        "revision" : "269d526ee440afd537cb1d2079f6ff4b3c96014c"
      }
    }
  ],
  "version" : 3
}
