// !$*UTF8*$!
{
	archiveVersion = 1;
	classes = {
	};
	objectVersion = 77;
	objects = {

/* Begin PBXContainerItemProxy section */
		BBA115F2304A96FE00F5A78B /* PBXContainerItemProxy */ = {
			isa = PBXContainerItemProxy;
			containerPortal = BBA115DA304A96FD00F5A78B /* Project object */;
			proxyType = 1;
			remoteGlobalIDString = BBA115E1304A96FD00F5A78B;
			remoteInfo = bugpocalypseEditor;
		};
		BBA115FC304A96FE00F5A78B /* PBXContainerItemProxy */ = {
			isa = PBXContainerItemProxy;
			containerPortal = BBA115DA304A96FD00F5A78B /* Project object */;
			proxyType = 1;
			remoteGlobalIDString = BBA115E1304A96FD00F5A78B;
			remoteInfo = bugpocalypseEditor;
		};
/* End PBXContainerItemProxy section */

/* Begin PBXFileReference section */
		BBA115E2304A96FD00F5A78B /* bugpocalypseEditor.app */ = {isa = PBXFileReference; explicitFileType = wrapper.application; includeInIndex = 0; path = bugpocalypseEditor.app; sourceTree = BUILT_PRODUCTS_DIR; };
		BBA115F1304A96FE00F5A78B /* bugpocalypseEditorTests.xctest */ = {isa = PBXFileReference; explicitFileType = wrapper.cfbundle; includeInIndex = 0; path = bugpocalypseEditorTests.xctest; sourceTree = BUILT_PRODUCTS_DIR; };
		BBA115FB304A96FE00F5A78B /* bugpocalypseEditorUITests.xctest */ = {isa = PBXFileReference; explicitFileType = wrapper.cfbundle; includeInIndex = 0; path = bugpocalypseEditorUITests.xctest; sourceTree = BUILT_PRODUCTS_DIR; };
/* End PBXFileReference section */

/* Begin PBXFileSystemSynchronizedRootGroup section */
		BBA115E4304A96FD00F5A78B /* bugpocalypseEditor */ = {
			isa = PBXFileSystemSynchronizedRootGroup;
			path = bugpocalypseEditor;
			sourceTree = "<group>";
		};
		BBA115F4304A96FE00F5A78B /* bugpocalypseEditorTests */ = {
			isa = PBXFileSystemSynchronizedRootGroup;
			path = bugpocalypseEditorTests;
			sourceTree = "<group>";
		};
		BBA115FE304A96FE00F5A78B /* bugpocalypseEditorUITests */ = {
			isa = PBXFileSystemSynchronizedRootGroup;
			path = bugpocalypseEditorUITests;
			sourceTree = "<group>";
		};
/* End PBXFileSystemSynchronizedRootGroup section */

/* Begin PBXFrameworksBuildPhase section */
		BBA115DF304A96FD00F5A78B /* Frameworks */ = {
			isa = PBXFrameworksBuildPhase;
			buildActionMask = 2147483647;
			files = (
			);
			runOnlyForDeploymentPostprocessing = 0;
		};
		BBA115EE304A96FE00F5A78B /* Frameworks */ = {
			isa = PBXFrameworksBuildPhase;
			buildActionMask = 2147483647;
			files = (
			);
			runOnlyForDeploymentPostprocessing = 0;
		};
		BBA115F8304A96FE00F5A78B /* Frameworks */ = {
			isa = PBXFrameworksBuildPhase;
			buildActionMask = 2147483647;
			files = (
			);
			runOnlyForDeploymentPostprocessing = 0;
		};
/* End PBXFrameworksBuildPhase section */

/* Begin PBXGroup section */
		BBA115D9304A96FD00F5A78B = {
			isa = PBXGroup;
			children = (
				BBA115E4304A96FD00F5A78B /* bugpocalypseEditor */,
				BBA115F4304A96FE00F5A78B /* bugpocalypseEditorTests */,
				BBA115FE304A96FE00F5A78B /* bugpocalypseEditorUITests */,
				BBA115E3304A96FD00F5A78B /* Products */,
			);
			sourceTree = "<group>";
		};
		BBA115E3304A96FD00F5A78B /* Products */ = {
			isa = PBXGroup;
			children = (
				BBA115E2304A96FD00F5A78B /* bugpocalypseEditor.app */,
				BBA115F1304A96FE00F5A78B /* bugpocalypseEditorTests.xctest */,
				BBA115FB304A96FE00F5A78B /* bugpocalypseEditorUITests.xctest */,
			);
			name = Products;
			sourceTree = "<group>";
		};
/* End PBXGroup section */

/* Begin PBXNativeTarget section */
		BBA115E1304A96FD00F5A78B /* bugpocalypseEditor */ = {
			isa = PBXNativeTarget;
			buildConfigurationList = BBA11605304A96FE00F5A78B /* Build configuration list for PBXNativeTarget "bugpocalypseEditor" */;
			buildPhases = (
				BBA115DE304A96FD00F5A78B /* Sources */,
				BBA115DF304A96FD00F5A78B /* Frameworks */,
				BBA115E0304A96FD00F5A78B /* Resources */,
			);
			buildRules = (
			);
			dependencies = (
			);
			fileSystemSynchronizedGroups = (
				BBA115E4304A96FD00F5A78B /* bugpocalypseEditor */,
			);
			name = bugpocalypseEditor;
			packageProductDependencies = (
			);
			productName = bugpocalypseEditor;
			productReference = BBA115E2304A96FD00F5A78B /* bugpocalypseEditor.app */;
			productType = "com.apple.product-type.application";
		};
		BBA115F0304A96FE00F5A78B /* bugpocalypseEditorTests */ = {
			isa = PBXNativeTarget;
			buildConfigurationList = BBA11608304A96FE00F5A78B /* Build configuration list for PBXNativeTarget "bugpocalypseEditorTests" */;
			buildPhases = (
				BBA115ED304A96FE00F5A78B /* Sources */,
				BBA115EE304A96FE00F5A78B /* Frameworks */,
				BBA115EF304A96FE00F5A78B /* Resources */,
			);
			buildRules = (
			);
			dependencies = (
				BBA115F3304A96FE00F5A78B /* PBXTargetDependency */,
			);
			fileSystemSynchronizedGroups = (
				BBA115F4304A96FE00F5A78B /* bugpocalypseEditorTests */,
			);
			name = bugpocalypseEditorTests;
			packageProductDependencies = (
			);
			productName = bugpocalypseEditorTests;
			productReference = BBA115F1304A96FE00F5A78B /* bugpocalypseEditorTests.xctest */;
			productType = "com.apple.product-type.bundle.unit-test";
		};
		BBA115FA304A96FE00F5A78B /* bugpocalypseEditorUITests */ = {
			isa = PBXNativeTarget;
			buildConfigurationList = BBA1160B304A96FE00F5A78B /* Build configuration list for PBXNativeTarget "bugpocalypseEditorUITests" */;
			buildPhases = (
				BBA115F7304A96FE00F5A78B /* Sources */,
				BBA115F8304A96FE00F5A78B /* Frameworks */,
				BBA115F9304A96FE00F5A78B /* Resources */,
			);
			buildRules = (
			);
			dependencies = (
				BBA115FD304A96FE00F5A78B /* PBXTargetDependency */,
			);
			fileSystemSynchronizedGroups = (
				BBA115FE304A96FE00F5A78B /* bugpocalypseEditorUITests */,
			);
			name = bugpocalypseEditorUITests;
			packageProductDependencies = (
			);
			productName = bugpocalypseEditorUITests;
			productReference = BBA115FB304A96FE00F5A78B /* bugpocalypseEditorUITests.xctest */;
			productType = "com.apple.product-type.bundle.ui-testing";
		};
/* End PBXNativeTarget section */

/* Begin PBXProject section */
		BBA115DA304A96FD00F5A78B /* Project object */ = {
			isa = PBXProject;
			attributes = {
				BuildIndependentTargetsInParallel = 1;
				LastSwiftUpdateCheck = 2660;
				LastUpgradeCheck = 2660;
				TargetAttributes = {
					BBA115E1304A96FD00F5A78B = {
						CreatedOnToolsVersion = 26.6;
					};
					BBA115F0304A96FE00F5A78B = {
						CreatedOnToolsVersion = 26.6;
						TestTargetID = BBA115E1304A96FD00F5A78B;
					};
					BBA115FA304A96FE00F5A78B = {
						CreatedOnToolsVersion = 26.6;
						TestTargetID = BBA115E1304A96FD00F5A78B;
					};
				};
			};
			buildConfigurationList = BBA115DD304A96FD00F5A78B /* Build configuration list for PBXProject "bugpocalypseEditor" */;
			developmentRegion = en;
			hasScannedForEncodings = 0;
			knownRegions = (
				en,
				Base,
			);
			mainGroup = BBA115D9304A96FD00F5A78B;
			minimizedProjectReferenceProxies = 1;
			preferredProjectObjectVersion = 77;
			productRefGroup = BBA115E3304A96FD00F5A78B /* Products */;
			projectDirPath = "";
			projectRoot = "";
			targets = (
				BBA115E1304A96FD00F5A78B /* bugpocalypseEditor */,
				BBA115F0304A96FE00F5A78B /* bugpocalypseEditorTests */,
				BBA115FA304A96FE00F5A78B /* bugpocalypseEditorUITests */,
			);
		};
/* End PBXProject section */

/* Begin PBXResourcesBuildPhase section */
		BBA115E0304A96FD00F5A78B /* Resources */ = {
			isa = PBXResourcesBuildPhase;
			buildActionMask = 2147483647;
			files = (
			);
			runOnlyForDeploymentPostprocessing = 0;
		};
		BBA115EF304A96FE00F5A78B /* Resources */ = {
			isa = PBXResourcesBuildPhase;
			buildActionMask = 2147483647;
			files = (
			);
			runOnlyForDeploymentPostprocessing = 0;
		};
		BBA115F9304A96FE00F5A78B /* Resources */ = {
			isa = PBXResourcesBuildPhase;
			buildActionMask = 2147483647;
			files = (
			);
			runOnlyForDeploymentPostprocessing = 0;
		};
/* End PBXResourcesBuildPhase section */

/* Begin PBXSourcesBuildPhase section */
		BBA115DE304A96FD00F5A78B /* Sources */ = {
			isa = PBXSourcesBuildPhase;
			buildActionMask = 2147483647;
			files = (
			);
			runOnlyForDeploymentPostprocessing = 0;
		};
		BBA115ED304A96FE00F5A78B /* Sources */ = {
			isa = PBXSourcesBuildPhase;
			buildActionMask = 2147483647;
			files = (
			);
			runOnlyForDeploymentPostprocessing = 0;
		};
		BBA115F7304A96FE00F5A78B /* Sources */ = {
			isa = PBXSourcesBuildPhase;
			buildActionMask = 2147483647;
			files = (
			);
			runOnlyForDeploymentPostprocessing = 0;
		};
/* End PBXSourcesBuildPhase section */

/* Begin PBXTargetDependency section */
		BBA115F3304A96FE00F5A78B /* PBXTargetDependency */ = {
			isa = PBXTargetDependency;
			target = BBA115E1304A96FD00F5A78B /* bugpocalypseEditor */;
			targetProxy = BBA115F2304A96FE00F5A78B /* PBXContainerItemProxy */;
		};
		BBA115FD304A96FE00F5A78B /* PBXTargetDependency */ = {
			isa = PBXTargetDependency;
			target = BBA115E1304A96FD00F5A78B /* bugpocalypseEditor */;
			targetProxy = BBA115FC304A96FE00F5A78B /* PBXContainerItemProxy */;
		};
/* End PBXTargetDependency section */

/* Begin XCBuildConfiguration section */
		BBA11603304A96FE00F5A78B /* Debug */ = {
			isa = XCBuildConfiguration;
			buildSettings = {
				ALWAYS_SEARCH_USER_PATHS = NO;
				ASSETCATALOG_COMPILER_GENERATE_SWIFT_ASSET_SYMBOL_EXTENSIONS = YES;
				CLANG_ANALYZER_NONNULL = YES;
				CLANG_ANALYZER_NUMBER_OBJECT_CONVERSION = YES_AGGRESSIVE;
				CLANG_CXX_LANGUAGE_STANDARD = "gnu++20";
				CLANG_ENABLE_MODULES = YES;
				CLANG_ENABLE_OBJC_ARC = YES;
				CLANG_ENABLE_OBJC_WEAK = YES;
				CLANG_WARN_BLOCK_CAPTURE_AUTORELEASING = YES;
				CLANG_WARN_BOOL_CONVERSION = YES;
				CLANG_WARN_COMMA = YES;
				CLANG_WARN_CONSTANT_CONVERSION = YES;
				CLANG_WARN_DEPRECATED_OBJC_IMPLEMENTATIONS = YES;
				CLANG_WARN_DIRECT_OBJC_ISA_USAGE = YES_ERROR;
				CLANG_WARN_DOCUMENTATION_COMMENTS = YES;
				CLANG_WARN_EMPTY_BODY = YES;
				CLANG_WARN_ENUM_CONVERSION = YES;
				CLANG_WARN_INFINITE_RECURSION = YES;
				CLANG_WARN_INT_CONVERSION = YES;
				CLANG_WARN_NON_LITERAL_NULL_CONVERSION = YES;
				CLANG_WARN_OBJC_IMPLICIT_RETAIN_SELF = YES;
				CLANG_WARN_OBJC_LITERAL_CONVERSION = YES;
				CLANG_WARN_OBJC_ROOT_CLASS = YES_ERROR;
				CLANG_WARN_QUOTED_INCLUDE_IN_FRAMEWORK_HEADER = YES;
				CLANG_WARN_RANGE_LOOP_ANALYSIS = YES;
				CLANG_WARN_STRICT_PROTOTYPES = YES;
				CLANG_WARN_SUSPICIOUS_MOVE = YES;
				CLANG_WARN_UNGUARDED_AVAILABILITY = YES_AGGRESSIVE;
				CLANG_WARN_UNREACHABLE_CODE = YES;
				CLANG_WARN__DUPLICATE_METHOD_MATCH = YES;
				COPY_PHASE_STRIP = NO;
				DEBUG_INFORMATION_FORMAT = dwarf;
				DEVELOPMENT_TEAM = SV3ZXK4PZF;
				ENABLE_STRICT_OBJC_MSGSEND = YES;
				ENABLE_TESTABILITY = YES;
				ENABLE_USER_SCRIPT_SANDBOXING = YES;
				GCC_C_LANGUAGE_STANDARD = gnu17;
				GCC_DYNAMIC_NO_PIC = NO;
				GCC_NO_COMMON_BLOCKS = YES;
				GCC_OPTIMIZATION_LEVEL = 0;
				GCC_PREPROCESSOR_DEFINITIONS = (
					"DEBUG=1",
					"$(inherited)",
				);
				GCC_WARN_64_TO_32_BIT_CONVERSION = YES;
				GCC_WARN_ABOUT_RETURN_TYPE = YES_ERROR;
				GCC_WARN_UNDECLARED_SELECTOR = YES;
				GCC_WARN_UNINITIALIZED_AUTOS = YES_AGGRESSIVE;
				GCC_WARN_UNUSED_FUNCTION = YES;
				GCC_WARN_UNUSED_VARIABLE = YES;
				LOCALIZATION_PREFERS_STRING_CATALOGS = YES;
				MACOSX_DEPLOYMENT_TARGET = 26.5;
				MTL_ENABLE_DEBUG_INFO = INCLUDE_SOURCE;
				MTL_FAST_MATH = YES;
				ONLY_ACTIVE_ARCH = YES;
				SDKROOT = macosx;
				SWIFT_ACTIVE_COMPILATION_CONDITIONS = "DEBUG $(inherited)";
				SWIFT_OPTIMIZATION_LEVEL = "-Onone";
			};
			name = Debug;
		};
		BBA11604304A96FE00F5A78B /* Release */ = {
			isa = XCBuildConfiguration;
			buildSettings = {
				ALWAYS_SEARCH_USER_PATHS = NO;
				ASSETCATALOG_COMPILER_GENERATE_SWIFT_ASSET_SYMBOL_EXTENSIONS = YES;
				CLANG_ANALYZER_NONNULL = YES;
				CLANG_ANALYZER_NUMBER_OBJECT_CONVERSION = YES_AGGRESSIVE;
				CLANG_CXX_LANGUAGE_STANDARD = "gnu++20";
				CLANG_ENABLE_MODULES = YES;
				CLANG_ENABLE_OBJC_ARC = YES;
				CLANG_ENABLE_OBJC_WEAK = YES;
				CLANG_WARN_BLOCK_CAPTURE_AUTORELEASING = YES;
				CLANG_WARN_BOOL_CONVERSION = YES;
				CLANG_WARN_COMMA = YES;
				CLANG_WARN_CONSTANT_CONVERSION = YES;
				CLANG_WARN_DEPRECATED_OBJC_IMPLEMENTATIONS = YES;
				CLANG_WARN_DIRECT_OBJC_ISA_USAGE = YES_ERROR;
				CLANG_WARN_DOCUMENTATION_COMMENTS = YES;
				CLANG_WARN_EMPTY_BODY = YES;
				CLANG_WARN_ENUM_CONVERSION = YES;
				CLANG_WARN_INFINITE_RECURSION = YES;
				CLANG_WARN_INT_CONVERSION = YES;
				CLANG_WARN_NON_LITERAL_NULL_CONVERSION = YES;
				CLANG_WARN_OBJC_IMPLICIT_RETAIN_SELF = YES;
				CLANG_WARN_OBJC_LITERAL_CONVERSION = YES;
				CLANG_WARN_OBJC_ROOT_CLASS = YES_ERROR;
				CLANG_WARN_QUOTED_INCLUDE_IN_FRAMEWORK_HEADER = YES;
				CLANG_WARN_RANGE_LOOP_ANALYSIS = YES;
				CLANG_WARN_STRICT_PROTOTYPES = YES;
				CLANG_WARN_SUSPICIOUS_MOVE = YES;
				CLANG_WARN_UNGUARDED_AVAILABILITY = YES_AGGRESSIVE;
				CLANG_WARN_UNREACHABLE_CODE = YES;
				CLANG_WARN__DUPLICATE_METHOD_MATCH = YES;
				COPY_PHASE_STRIP = NO;
				DEBUG_INFORMATION_FORMAT = "dwarf-with-dsym";
				DEVELOPMENT_TEAM = SV3ZXK4PZF;
				ENABLE_NS_ASSERTIONS = NO;
				ENABLE_STRICT_OBJC_MSGSEND = YES;
				ENABLE_USER_SCRIPT_SANDBOXING = YES;
				GCC_C_LANGUAGE_STANDARD = gnu17;
				GCC_NO_COMMON_BLOCKS = YES;
				GCC_WARN_64_TO_32_BIT_CONVERSION = YES;
				GCC_WARN_ABOUT_RETURN_TYPE = YES_ERROR;
				GCC_WARN_UNDECLARED_SELECTOR = YES;
				GCC_WARN_UNINITIALIZED_AUTOS = YES_AGGRESSIVE;
				GCC_WARN_UNUSED_FUNCTION = YES;
				GCC_WARN_UNUSED_VARIABLE = YES;
				LOCALIZATION_PREFERS_STRING_CATALOGS = YES;
				MACOSX_DEPLOYMENT_TARGET = 26.5;
				MTL_ENABLE_DEBUG_INFO = NO;
				MTL_FAST_MATH = YES;
				SDKROOT = macosx;
				SWIFT_COMPILATION_MODE = wholemodule;
			};
			name = Release;
		};
		BBA11606304A96FE00F5A78B /* Debug */ = {
			isa = XCBuildConfiguration;
			buildSettings = {
				ASSETCATALOG_COMPILER_APPICON_NAME = AppIcon;
				ASSETCATALOG_COMPILER_GLOBAL_ACCENT_COLOR_NAME = AccentColor;
				CODE_SIGN_STYLE = Automatic;
				COMBINE_HIDPI_IMAGES = YES;
				CURRENT_PROJECT_VERSION = 1;
				DEVELOPMENT_TEAM = SV3ZXK4PZF;
				ENABLE_APP_SANDBOX = YES;
				ENABLE_HARDENED_RUNTIME = YES;
				ENABLE_PREVIEWS = YES;
				ENABLE_USER_SELECTED_FILES = readonly;
				GENERATE_INFOPLIST_FILE = YES;
				INFOPLIST_KEY_NSHumanReadableCopyright = "";
				LD_RUNPATH_SEARCH_PATHS = (
					"$(inherited)",
					"@executable_path/../Frameworks",
				);
				MARKETING_VERSION = 1.0;
				PRODUCT_BUNDLE_IDENTIFIER = io.codepassion.bugpocalypseEditor;
				PRODUCT_NAME = "$(TARGET_NAME)";
				REGISTER_APP_GROUPS = YES;
				STRING_CATALOG_GENERATE_SYMBOLS = YES;
				SWIFT_APPROACHABLE_CONCURRENCY = YES;
				SWIFT_DEFAULT_ACTOR_ISOLATION = MainActor;
				SWIFT_EMIT_LOC_STRINGS = YES;
				SWIFT_UPCOMING_FEATURE_MEMBER_IMPORT_VISIBILITY = YES;
				SWIFT_VERSION = 5.0;
			};
			name = Debug;
		};
		BBA11607304A96FE00F5A78B /* Release */ = {
			isa = XCBuildConfiguration;
			buildSettings = {
				ASSETCATALOG_COMPILER_APPICON_NAME = AppIcon;
				ASSETCATALOG_COMPILER_GLOBAL_ACCENT_COLOR_NAME = AccentColor;
				CODE_SIGN_STYLE = Automatic;
				COMBINE_HIDPI_IMAGES = YES;
				CURRENT_PROJECT_VERSION = 1;
				DEVELOPMENT_TEAM = SV3ZXK4PZF;
				ENABLE_APP_SANDBOX = YES;
				ENABLE_HARDENED_RUNTIME = YES;
				ENABLE_PREVIEWS = YES;
				ENABLE_USER_SELECTED_FILES = readonly;
				GENERATE_INFOPLIST_FILE = YES;
				INFOPLIST_KEY_NSHumanReadableCopyright = "";
				LD_RUNPATH_SEARCH_PATHS = (
					"$(inherited)",
					"@executable_path/../Frameworks",
				);
				MARKETING_VERSION = 1.0;
				PRODUCT_BUNDLE_IDENTIFIER = io.codepassion.bugpocalypseEditor;
				PRODUCT_NAME = "$(TARGET_NAME)";
				REGISTER_APP_GROUPS = YES;
				STRING_CATALOG_GENERATE_SYMBOLS = YES;
				SWIFT_APPROACHABLE_CONCURRENCY = YES;
				SWIFT_DEFAULT_ACTOR_ISOLATION = MainActor;
				SWIFT_EMIT_LOC_STRINGS = YES;
				SWIFT_UPCOMING_FEATURE_MEMBER_IMPORT_VISIBILITY = YES;
				SWIFT_VERSION = 5.0;
			};
			name = Release;
		};
		BBA11609304A96FE00F5A78B /* Debug */ = {
			isa = XCBuildConfiguration;
			buildSettings = {
				BUNDLE_LOADER = "$(TEST_HOST)";
				CODE_SIGN_STYLE = Automatic;
				CURRENT_PROJECT_VERSION = 1;
				DEVELOPMENT_TEAM = SV3ZXK4PZF;
				GENERATE_INFOPLIST_FILE = YES;
				MACOSX_DEPLOYMENT_TARGET = 26.5;
				MARKETING_VERSION = 1.0;
				PRODUCT_BUNDLE_IDENTIFIER = io.codepassion.bugpocalypseEditorTests;
				PRODUCT_NAME = "$(TARGET_NAME)";
				STRING_CATALOG_GENERATE_SYMBOLS = NO;
				SWIFT_APPROACHABLE_CONCURRENCY = YES;
				SWIFT_EMIT_LOC_STRINGS = NO;
				SWIFT_UPCOMING_FEATURE_MEMBER_IMPORT_VISIBILITY = YES;
				SWIFT_VERSION = 5.0;
				TEST_HOST = "$(BUILT_PRODUCTS_DIR)/bugpocalypseEditor.app/$(BUNDLE_EXECUTABLE_FOLDER_PATH)/bugpocalypseEditor";
			};
			name = Debug;
		};
		BBA1160A304A96FE00F5A78B /* Release */ = {
			isa = XCBuildConfiguration;
			buildSettings = {
				BUNDLE_LOADER = "$(TEST_HOST)";
				CODE_SIGN_STYLE = Automatic;
				CURRENT_PROJECT_VERSION = 1;
				DEVELOPMENT_TEAM = SV3ZXK4PZF;
				GENERATE_INFOPLIST_FILE = YES;
				MACOSX_DEPLOYMENT_TARGET = 26.5;
				MARKETING_VERSION = 1.0;
				PRODUCT_BUNDLE_IDENTIFIER = io.codepassion.bugpocalypseEditorTests;
				PRODUCT_NAME = "$(TARGET_NAME)";
				STRING_CATALOG_GENERATE_SYMBOLS = NO;
				SWIFT_APPROACHABLE_CONCURRENCY = YES;
				SWIFT_EMIT_LOC_STRINGS = NO;
				SWIFT_UPCOMING_FEATURE_MEMBER_IMPORT_VISIBILITY = YES;
				SWIFT_VERSION = 5.0;
				TEST_HOST = "$(BUILT_PRODUCTS_DIR)/bugpocalypseEditor.app/$(BUNDLE_EXECUTABLE_FOLDER_PATH)/bugpocalypseEditor";
			};
			name = Release;
		};
		BBA1160C304A96FE00F5A78B /* Debug */ = {
			isa = XCBuildConfiguration;
			buildSettings = {
				CODE_SIGN_STYLE = Automatic;
				CURRENT_PROJECT_VERSION = 1;
				DEVELOPMENT_TEAM = SV3ZXK4PZF;
				GENERATE_INFOPLIST_FILE = YES;
				MARKETING_VERSION = 1.0;
				PRODUCT_BUNDLE_IDENTIFIER = io.codepassion.bugpocalypseEditorUITests;
				PRODUCT_NAME = "$(TARGET_NAME)";
				STRING_CATALOG_GENERATE_SYMBOLS = NO;
				SWIFT_APPROACHABLE_CONCURRENCY = YES;
				SWIFT_EMIT_LOC_STRINGS = NO;
				SWIFT_UPCOMING_FEATURE_MEMBER_IMPORT_VISIBILITY = YES;
				SWIFT_VERSION = 5.0;
				TEST_TARGET_NAME = bugpocalypseEditor;
			};
			name = Debug;
		};
		BBA1160D304A96FE00F5A78B /* Release */ = {
			isa = XCBuildConfiguration;
			buildSettings = {
				CODE_SIGN_STYLE = Automatic;
				CURRENT_PROJECT_VERSION = 1;
				DEVELOPMENT_TEAM = SV3ZXK4PZF;
				GENERATE_INFOPLIST_FILE = YES;
				MARKETING_VERSION = 1.0;
				PRODUCT_BUNDLE_IDENTIFIER = io.codepassion.bugpocalypseEditorUITests;
				PRODUCT_NAME = "$(TARGET_NAME)";
				STRING_CATALOG_GENERATE_SYMBOLS = NO;
				SWIFT_APPROACHABLE_CONCURRENCY = YES;
				SWIFT_EMIT_LOC_STRINGS = NO;
				SWIFT_UPCOMING_FEATURE_MEMBER_IMPORT_VISIBILITY = YES;
				SWIFT_VERSION = 5.0;
				TEST_TARGET_NAME = bugpocalypseEditor;
			};
			name = Release;
		};
/* End XCBuildConfiguration section */

/* Begin XCConfigurationList section */
		BBA115DD304A96FD00F5A78B /* Build configuration list for PBXProject "bugpocalypseEditor" */ = {
			isa = XCConfigurationList;
			buildConfigurations = (
				BBA11603304A96FE00F5A78B /* Debug */,
				BBA11604304A96FE00F5A78B /* Release */,
			);
			defaultConfigurationIsVisible = 0;
			defaultConfigurationName = Release;
		};
		BBA11605304A96FE00F5A78B /* Build configuration list for PBXNativeTarget "bugpocalypseEditor" */ = {
			isa = XCConfigurationList;
			buildConfigurations = (
				BBA11606304A96FE00F5A78B /* Debug */,
				BBA11607304A96FE00F5A78B /* Release */,
			);
			defaultConfigurationIsVisible = 0;
			defaultConfigurationName = Release;
		};
		BBA11608304A96FE00F5A78B /* Build configuration list for PBXNativeTarget "bugpocalypseEditorTests" */ = {
			isa = XCConfigurationList;
			buildConfigurations = (
				BBA11609304A96FE00F5A78B /* Debug */,
				BBA1160A304A96FE00F5A78B /* Release */,
			);
			defaultConfigurationIsVisible = 0;
			defaultConfigurationName = Release;
		};
		BBA1160B304A96FE00F5A78B /* Build configuration list for PBXNativeTarget "bugpocalypseEditorUITests" */ = {
			isa = XCConfigurationList;
			buildConfigurations = (
				BBA1160C304A96FE00F5A78B /* Debug */,
				BBA1160D304A96FE00F5A78B /* Release */,
			);
			defaultConfigurationIsVisible = 0;
			defaultConfigurationName = Release;
		};
/* End XCConfigurationList section */
	};
	rootObject = BBA115DA304A96FD00F5A78B /* Project object */;
}
